Microsoft Visual Studio Solution File, Format Version 12.00
# Visual Studio Version 17
VisualStudioVersion = 17.5.2.0
MinimumVisualStudioVersion = 10.0.40219.1
Project("{FAE04EC0-301F-11D3-BF4B-00C04F79EFBC}") = "ControleDeTreinos", "ControleDeTreinos.csproj", "{AFA99D94-A0C9-8EE3-DF1D-B10BEE3D8EF0}"
EndProject
Global
	GlobalSection(SolutionConfigurationPlatforms) = preSolution
		Debug|Any CPU = Debug|Any CPU
		Release|Any CPU = Release|Any CPU
	EndGlobalSection
	GlobalSection(ProjectConfigurationPlatforms) = postSolution
		{AFA99D94-A0C9-8EE3-DF1D-B10BEE3D8EF0}.Debug|Any CPU.ActiveCfg = Debug|Any CPU
		{AFA99D94-A0C9-8EE3-DF1D-B10BEE3D8EF0}.Debug|Any CPU.Build.0 = Debug|Any CPU
		{AFA99D94-A0C9-8EE3-DF1D-B10BEE3D8EF0}.Release|Any CPU.ActiveCfg = Release|Any CPU
		{AFA99D94-A0C9-8EE3-DF1D-B10BEE3D8EF0}.Release|Any CPU.Build.0 = Release|Any CPU
	EndGlobalSection
	GlobalSection(SolutionProperties) = preSolution
		HideSolutionNode = FALSE
	EndGlobalSection
	GlobalSection(ExtensibilityGlobals) = postSolution
		SolutionGuid = {5E0E4A2C-D136-4A0E-A2E3-89282476F1F7}
	EndGlobalSection
EndGlobal
