Microsoft Visual Studio Solution File, Format Version 12.00
# Visual Studio Version 17
VisualStudioVersion = 17.5.2.0
MinimumVisualStudioVersion = 10.0.40219.1
Project("{FAE04EC0-301F-11D3-BF4B-00C04F79EFBC}") = "AplicativoPetShop", "AplicativoPetShop.csproj", "{52545998-6177-0ED2-19CF-99AB2C85CC89}"
EndProject
Global
	GlobalSection(SolutionConfigurationPlatforms) = preSolution
		Debug|Any CPU = Debug|Any CPU
		Release|Any CPU = Release|Any CPU
	EndGlobalSection
	GlobalSection(ProjectConfigurationPlatforms) = postSolution
		{52545998-6177-0ED2-19CF-99AB2C85CC89}.Debug|Any CPU.ActiveCfg = Debug|Any CPU
		{52545998-6177-0ED2-19CF-99AB2C85CC89}.Debug|Any CPU.Build.0 = Debug|Any CPU
		{52545998-6177-0ED2-19CF-99AB2C85CC89}.Release|Any CPU.ActiveCfg = Release|Any CPU
		{52545998-6177-0ED2-19CF-99AB2C85CC89}.Release|Any CPU.Build.0 = Release|Any CPU
	EndGlobalSection
	GlobalSection(SolutionProperties) = preSolution
		HideSolutionNode = FALSE
	EndGlobalSection
	GlobalSection(ExtensibilityGlobals) = postSolution
		SolutionGuid = {948810B5-5CAF-4D41-B008-5E5BF8A42F6B}
	EndGlobalSection
EndGlobal
